
Microsoft Visual Studio Solution File, Format Version 12.00
# Visual Studio Version 17
VisualStudioVersion = 17.4.33205.214
MinimumVisualStudioVersion = 10.0.40219.1
Project("{9A19103F-16F7-4668-BE54-9A1E7A4F7556}") = "PersonalProject", "PersonalProject\PersonalProject.csproj", "{C879061B-F470-4780-8374-F0F91F9E146B}"
EndProject
Global
	GlobalSection(SolutionConfigurationPlatforms) = preSolution
		Debug|Any CPU = Debug|Any CPU
		Release|Any CPU = Release|Any CPU
	EndGlobalSection
	GlobalSection(ProjectConfigurationPlatforms) = postSolution
		{C879061B-F470-4780-8374-F0F91F9E146B}.Debug|Any CPU.ActiveCfg = Debug|Any CPU
		{C879061B-F470-4780-8374-F0F91F9E146B}.Debug|Any CPU.Build.0 = Debug|Any CPU
		{C879061B-F470-4780-8374-F0F91F9E146B}.Release|Any CPU.ActiveCfg = Release|Any CPU
		{C879061B-F470-4780-8374-F0F91F9E146B}.Release|Any CPU.Build.0 = Release|Any CPU
	EndGlobalSection
	GlobalSection(SolutionProperties) = preSolution
		HideSolutionNode = FALSE
	EndGlobalSection
	GlobalSection(ExtensibilityGlobals) = postSolution
		SolutionGuid = {B77D8B50-3AB0-4079-8AAD-0E5A4877EB7E}
	EndGlobalSection
EndGlobal
